
Microsoft Visual Studio Solution File, Format Version 12.00
# Visual Studio Version 17
VisualStudioVersion = 17.8.34330.188
MinimumVisualStudioVersion = 10.0.40219.1
Project("{8BC9CEB8-8B4A-11D0-8D11-00A0C91BC942}") = "SimpleEngine", "SimpleEngine.vcxproj", "{FCF535AA-94A2-4228-8D4C-F92727E09B11}"
EndProject
Global
	GlobalSection(SolutionConfigurationPlatforms) = preSolution
		Debug - Deferred|x64 = Debug - Deferred|x64
		Debug - Deferred|x86 = Debug - Deferred|x86
		Debug - Forward|x64 = Debug - Forward|x64
		Debug - Forward|x86 = Debug - Forward|x86
		Release - Deferred|x64 = Release - Deferred|x64
		Release - Deferred|x86 = Release - Deferred|x86
		Release - Forward|x64 = Release - Forward|x64
		Release - Forward|x86 = Release - Forward|x86
	EndGlobalSection
	GlobalSection(ProjectConfigurationPlatforms) = postSolution
		{FCF535AA-94A2-4228-8D4C-F92727E09B11}.Debug - Deferred|x64.ActiveCfg = Debug - Deferred|x64
		{FCF535AA-94A2-4228-8D4C-F92727E09B11}.Debug - Deferred|x64.Build.0 = Debug - Deferred|x64
		{FCF535AA-94A2-4228-8D4C-F92727E09B11}.Debug - Deferred|x86.ActiveCfg = Debug - Deferred|Win32
		{FCF535AA-94A2-4228-8D4C-F92727E09B11}.Debug - Deferred|x86.Build.0 = Debug - Deferred|Win32
		{FCF535AA-94A2-4228-8D4C-F92727E09B11}.Debug - Forward|x64.ActiveCfg = Debug - Forward|x64
		{FCF535AA-94A2-4228-8D4C-F92727E09B11}.Debug - Forward|x64.Build.0 = Debug - Forward|x64
		{FCF535AA-94A2-4228-8D4C-F92727E09B11}.Debug - Forward|x86.ActiveCfg = Debug - Forward|Win32
		{FCF535AA-94A2-4228-8D4C-F92727E09B11}.Debug - Forward|x86.Build.0 = Debug - Forward|Win32
		{FCF535AA-94A2-4228-8D4C-F92727E09B11}.Release - Deferred|x64.ActiveCfg = Release - Deferred|x64
		{FCF535AA-94A2-4228-8D4C-F92727E09B11}.Release - Deferred|x64.Build.0 = Release - Deferred|x64
		{FCF535AA-94A2-4228-8D4C-F92727E09B11}.Release - Deferred|x86.ActiveCfg = Release - Deferred|Win32
		{FCF535AA-94A2-4228-8D4C-F92727E09B11}.Release - Deferred|x86.Build.0 = Release - Deferred|Win32
		{FCF535AA-94A2-4228-8D4C-F92727E09B11}.Release - Forward|x64.ActiveCfg = Release - Forward|x64
		{FCF535AA-94A2-4228-8D4C-F92727E09B11}.Release - Forward|x64.Build.0 = Release - Forward|x64
		{FCF535AA-94A2-4228-8D4C-F92727E09B11}.Release - Forward|x86.ActiveCfg = Release - Forward|Win32
		{FCF535AA-94A2-4228-8D4C-F92727E09B11}.Release - Forward|x86.Build.0 = Release - Forward|Win32
	EndGlobalSection
	GlobalSection(SolutionProperties) = preSolution
		HideSolutionNode = FALSE
	EndGlobalSection
	GlobalSection(ExtensibilityGlobals) = postSolution
		SolutionGuid = {5BCAE7E4-E3BD-4EB1-A830-C71949958F7D}
	EndGlobalSection
EndGlobal
